
Microsoft Visual Studio Solution File, Format Version 12.00
# Visual Studio 15
VisualStudioVersion = 15.0.28010.2036
MinimumVisualStudioVersion = 10.0.40219.1
Project("{FAE04EC0-301F-11D3-BF4B-00C04F79EFBC}") = "MagazynSerwer", "MagazynSerwer\MagazynSerwer.csproj", "{1CC746B0-AE39-444A-9745-6C3EF0CD70D6}"
EndProject
Project("{FAE04EC0-301F-11D3-BF4B-00C04F79EFBC}") = "MagazynBazaProj", "MagazynBazaProj\MagazynBazaProj.csproj", "{E5064139-ED40-4855-976C-3F2CEBE75209}"
EndProject
Global
	GlobalSection(SolutionConfigurationPlatforms) = preSolution
		Debug|Any CPU = Debug|Any CPU
		Release|Any CPU = Release|Any CPU
	EndGlobalSection
	GlobalSection(ProjectConfigurationPlatforms) = postSolution
		{1CC746B0-AE39-444A-9745-6C3EF0CD70D6}.Debug|Any CPU.ActiveCfg = Debug|Any CPU
		{1CC746B0-AE39-444A-9745-6C3EF0CD70D6}.Debug|Any CPU.Build.0 = Debug|Any CPU
		{1CC746B0-AE39-444A-9745-6C3EF0CD70D6}.Release|Any CPU.ActiveCfg = Release|Any CPU
		{1CC746B0-AE39-444A-9745-6C3EF0CD70D6}.Release|Any CPU.Build.0 = Release|Any CPU
		{E5064139-ED40-4855-976C-3F2CEBE75209}.Debug|Any CPU.ActiveCfg = Debug|Any CPU
		{E5064139-ED40-4855-976C-3F2CEBE75209}.Debug|Any CPU.Build.0 = Debug|Any CPU
		{E5064139-ED40-4855-976C-3F2CEBE75209}.Release|Any CPU.ActiveCfg = Release|Any CPU
		{E5064139-ED40-4855-976C-3F2CEBE75209}.Release|Any CPU.Build.0 = Release|Any CPU
	EndGlobalSection
	GlobalSection(SolutionProperties) = preSolution
		HideSolutionNode = FALSE
	EndGlobalSection
	GlobalSection(ExtensibilityGlobals) = postSolution
		SolutionGuid = {6B093CCF-B077-4F11-B1AB-6444538C6D80}
	EndGlobalSection
EndGlobal
